
Microsoft Visual Studio Solution File, Format Version 12.00
# Visual Studio Version 17
VisualStudioVersion = 17.8.34408.163
MinimumVisualStudioVersion = 10.0.40219.1
Project("{9A19103F-16F7-4668-BE54-9A1E7A4F7556}") = "Busylight", "Busylight.csproj", "{E5FB0D4C-2D16-49EF-8690-0F19CE65FECF}"
EndProject
Global
	GlobalSection(SolutionConfigurationPlatforms) = preSolution
		Debug|Any CPU = Debug|Any CPU
		Release|Any CPU = Release|Any CPU
	EndGlobalSection
	GlobalSection(ProjectConfigurationPlatforms) = postSolution
		{E5FB0D4C-2D16-49EF-8690-0F19CE65FECF}.Debug|Any CPU.ActiveCfg = Debug|Any CPU
		{E5FB0D4C-2D16-49EF-8690-0F19CE65FECF}.Debug|Any CPU.Build.0 = Debug|Any CPU
		{E5FB0D4C-2D16-49EF-8690-0F19CE65FECF}.Release|Any CPU.ActiveCfg = Release|Any CPU
		{E5FB0D4C-2D16-49EF-8690-0F19CE65FECF}.Release|Any CPU.Build.0 = Release|Any CPU
	EndGlobalSection
	GlobalSection(SolutionProperties) = preSolution
		HideSolutionNode = FALSE
	EndGlobalSection
	GlobalSection(ExtensibilityGlobals) = postSolution
		SolutionGuid = {34B291A1-5EE8-4650-BEB5-EFF96BA05170}
	EndGlobalSection
EndGlobal
